<?xml version="1.0" encoding="utf-8"?>
<Project ToolsVersion="4.0" xmlns="http://schemas.microsoft.com/developer/msbuild/2003">
  <ItemGroup>
    <Filter Include="Source files">
      <UniqueIdentifier>{095c3d77-5eb9-42cf-abf2-7dca7b0915a7}</UniqueIdentifier>
      <Extensions>cpp;c;cc;cxx;def;odl;idl;hpj;bat;asm;asmx</Extensions>
    </Filter>
    <Filter Include="Header files">
      <UniqueIdentifier>{7864c424-feb7-4f5f-bfae-a435cfd8433e}</UniqueIdentifier>
      <Extensions>h;hpp;hxx;hm;inl;inc;xsd</Extensions>
    </Filter>
    <Filter Include="Resource files">
      <UniqueIdentifier>{e15d8e4d-74e9-4c0a-9adb-ec643018baa7}</UniqueIdentifier>
      <Extensions>rc;ico;cur;bmp;dlg;rc2;rct;bin;rgs;gif;jpg;jpeg;jpe;resx;tiff;tif;png;wav</Extensions>
    </Filter>
    <Filter Include="Make files">
      <UniqueIdentifier>{2f5845aa-e60d-42e7-81a9-3b341f27961c}</UniqueIdentifier>
      <Extensions>*.mak</Extensions>
    </Filter>
  </ItemGroup>
  <ItemGroup>
    <ClCompile Include="optraklinux.cpp">
      <Filter>Source files</Filter>
    </ClCompile>
    <ClCompile Include="mocap_config.cpp">
      <Filter>Source files</Filter>
    </ClCompile>
    <ClCompile Include="mocap_datapackets.cpp">
      <Filter>Source files</Filter>
    </ClCompile>
    <ClCompile Include="mocap_node.cpp">
      <Filter>Source files</Filter>
    </ClCompile>
    <ClCompile Include="socket.cpp">
      <Filter>Source files</Filter>
    </ClCompile>
  </ItemGroup>
  <ItemGroup>
    <None Include="Makefile" />
    <None Include="debug.mak">
      <Filter>Make files</Filter>
    </None>
    <None Include="release.mak">
      <Filter>Make files</Filter>
    </None>
  </ItemGroup>
</Project>